
Microsoft Visual Studio Solution File, Format Version 12.00
# Visual Studio 15
Project("{FAE04EC0-301F-11D3-BF4B-00C04F79EFBC}") = "BrandexSalesAdapter.ExcelLogic", "BrandexSalesAdapter.ExcelLogic\BrandexSalesAdapter.ExcelLogic.csproj", "{2F4DB71A-D889-4470-83B2-091163C0D3BD}"
EndProject
Project("{FAE04EC0-301F-11D3-BF4B-00C04F79EFBC}") = "BrandexSalesAdapter.Identity", "BrandexSalesAdapter.Identity\BrandexSalesAdapter.Identity.csproj", "{43D9446C-E3EB-456F-B0E5-C847BEBB7C07}"
EndProject
Global
	GlobalSection(SolutionConfigurationPlatforms) = preSolution
		Debug|Any CPU = Debug|Any CPU
		Release|Any CPU = Release|Any CPU
	EndGlobalSection
	GlobalSection(ProjectConfigurationPlatforms) = postSolution
		{2F4DB71A-D889-4470-83B2-091163C0D3BD}.Debug|Any CPU.ActiveCfg = Debug|Any CPU
		{2F4DB71A-D889-4470-83B2-091163C0D3BD}.Debug|Any CPU.Build.0 = Debug|Any CPU
		{2F4DB71A-D889-4470-83B2-091163C0D3BD}.Release|Any CPU.ActiveCfg = Release|Any CPU
		{2F4DB71A-D889-4470-83B2-091163C0D3BD}.Release|Any CPU.Build.0 = Release|Any CPU
		{43D9446C-E3EB-456F-B0E5-C847BEBB7C07}.Debug|Any CPU.ActiveCfg = Debug|Any CPU
		{43D9446C-E3EB-456F-B0E5-C847BEBB7C07}.Debug|Any CPU.Build.0 = Debug|Any CPU
		{43D9446C-E3EB-456F-B0E5-C847BEBB7C07}.Release|Any CPU.ActiveCfg = Release|Any CPU
		{43D9446C-E3EB-456F-B0E5-C847BEBB7C07}.Release|Any CPU.Build.0 = Release|Any CPU
	EndGlobalSection
EndGlobal
